<?xml version="1.0" encoding="utf-8"?>
<Project ToolsVersion="4.0" xmlns="http://schemas.microsoft.com/developer/msbuild/2003">
  <ItemGroup>
    <Filter Include="Source Files">
      <UniqueIdentifier>{4FC737F1-C7A5-4376-A066-2A32D752A2FF}</UniqueIdentifier>
      <Extensions>cpp;c;cc;cxx;def;odl;idl;hpj;bat;asm;asmx</Extensions>
    </Filter>
    <Filter Include="Header Files">
      <UniqueIdentifier>{93995380-89BD-4b04-88EB-625FBE52EBFB}</UniqueIdentifier>
      <Extensions>h;hh;hpp;hxx;hm;inl;inc;xsd</Extensions>
    </Filter>
    <Filter Include="Resource Files">
      <UniqueIdentifier>{67DA6AB6-F800-4c08-8B7A-83BB121AAD01}</UniqueIdentifier>
      <Extensions>rc;ico;cur;bmp;dlg;rc2;rct;bin;rgs;gif;jpg;jpeg;jpe;resx;tiff;tif;png;wav;mfcribbon-ms</Extensions>
    </Filter>
  </ItemGroup>
  <ItemGroup>
    <ClCompile Include="main.cpp">
      <Filter>Source Files</Filter>
    </ClCompile>
    <ClCompile Include="stb_image.c">
      <Filter>Source Files</Filter>
    </ClCompile>
    <ClCompile Include="obj_loader.cpp">
      <Filter>Source Files</Filter>
    </ClCompile>
    <ClCompile Include="Audio.cpp">
      <Filter>Source Files</Filter>
    </ClCompile>
    <ClCompile Include="MyGame.cpp">
      <Filter>Source Files</Filter>
    </ClCompile>
    <ClCompile Include="WindowDisplay.cpp">
      <Filter>Source Files</Filter>
    </ClCompile>
    <ClCompile Include="ModelMesh.cpp">
      <Filter>Source Files</Filter>
    </ClCompile>
    <ClCompile Include="ModelTexture.cpp">
      <Filter>Source Files</Filter>
    </ClCompile>
    <ClCompile Include="MyShader.cpp">
      <Filter>Source Files</Filter>
    </ClCompile>
  </ItemGroup>
  <ItemGroup>
    <ClInclude Include="stb_image.h">
      <Filter>Header Files</Filter>
    </ClInclude>
    <ClInclude Include="transform.h">
      <Filter>Header Files</Filter>
    </ClInclude>
    <ClInclude Include="obj_loader.h">
      <Filter>Header Files</Filter>
    </ClInclude>
    <ClInclude Include="Audio.h">
      <Filter>Header Files</Filter>
    </ClInclude>
    <ClInclude Include="MyGame.h">
      <Filter>Header Files</Filter>
    </ClInclude>
    <ClInclude Include="MyCamera.h">
      <Filter>Header Files</Filter>
    </ClInclude>
    <ClInclude Include="WindowDisplay.h">
      <Filter>Header Files</Filter>
    </ClInclude>
    <ClInclude Include="ModelMesh.h">
      <Filter>Header Files</Filter>
    </ClInclude>
    <ClInclude Include="ModelTexture.h">
      <Filter>Header Files</Filter>
    </ClInclude>
    <ClInclude Include="MyShader.h">
      <Filter>Header Files</Filter>
    </ClInclude>
  </ItemGroup>
  <ItemGroup>
    <None Include="..\res\shader.frag">
      <Filter>Resource Files</Filter>
    </None>
    <None Include="..\res\shader.vert">
      <Filter>Resource Files</Filter>
    </None>
    <None Include="..\res\blur.frag">
      <Filter>Resource Files</Filter>
    </None>
    <None Include="..\res\blur.vert">
      <Filter>Resource Files</Filter>
    </None>
    <None Include="..\res\simpleLight.frag">
      <Filter>Resource Files</Filter>
    </None>
    <None Include="..\res\simpleLight.vert">
      <Filter>Resource Files</Filter>
    </None>
    <None Include="..\res\test.frag">
      <Filter>Resource Files</Filter>
    </None>
    <None Include="..\res\test.vert">
      <Filter>Resource Files</Filter>
    </None>
    <None Include="..\res\test2.frag">
      <Filter>Resource Files</Filter>
    </None>
    <None Include="..\res\test2.vert">
      <Filter>Resource Files</Filter>
    </None>
    <None Include="..\res\fog.frag">
      <Filter>Resource Files</Filter>
    </None>
    <None Include="..\res\fog.vert">
      <Filter>Resource Files</Filter>
    </None>
  </ItemGroup>
  <ItemGroup>
    <Object Include="..\res\basketball.obj">
      <Filter>Resource Files</Filter>
    </Object>
    <Object Include="..\..\hexagon.obj">
      <Filter>Resource Files</Filter>
    </Object>
    <Object Include="..\res\Brazuca.obj">
      <Filter>Resource Files</Filter>
    </Object>
    <Object Include="..\res\casa.obj">
      <Filter>Resource Files</Filter>
    </Object>
    <Object Include="..\res\tree.obj">
      <Filter>Resource Files</Filter>
    </Object>
    <Object Include="..\res\legoman.obj">
      <Filter>Resource Files</Filter>
    </Object>
    <Object Include="..\res\lego2.obj">
      <Filter>Resource Files</Filter>
    </Object>
    <Object Include="..\res\box.obj">
      <Filter>Resource Files</Filter>
    </Object>
  </ItemGroup>
  <ItemGroup>
    <Image Include="..\res\crystal.jpg">
      <Filter>Resource Files</Filter>
    </Image>
  </ItemGroup>
</Project>